
Microsoft Visual Studio Solution File, Format Version 12.00
# Visual Studio 15
VisualStudioVersion = 15.0.28307.572
MinimumVisualStudioVersion = 10.0.40219.1
Project("{FAE04EC0-301F-11D3-BF4B-00C04F79EFBC}") = "Page4KB", "Page4KB\Page4KB.csproj", "{15AC1233-985F-4C46-BE19-5B3C2A9AE6D1}"
EndProject
Global
	GlobalSection(SolutionConfigurationPlatforms) = preSolution
		Debug|Any CPU = Debug|Any CPU
		Release|Any CPU = Release|Any CPU
	EndGlobalSection
	GlobalSection(ProjectConfigurationPlatforms) = postSolution
		{15AC1233-985F-4C46-BE19-5B3C2A9AE6D1}.Debug|Any CPU.ActiveCfg = Debug|Any CPU
		{15AC1233-985F-4C46-BE19-5B3C2A9AE6D1}.Debug|Any CPU.Build.0 = Debug|Any CPU
		{15AC1233-985F-4C46-BE19-5B3C2A9AE6D1}.Release|Any CPU.ActiveCfg = Release|Any CPU
		{15AC1233-985F-4C46-BE19-5B3C2A9AE6D1}.Release|Any CPU.Build.0 = Release|Any CPU
	EndGlobalSection
	GlobalSection(SolutionProperties) = preSolution
		HideSolutionNode = FALSE
	EndGlobalSection
	GlobalSection(ExtensibilityGlobals) = postSolution
		SolutionGuid = {7F51FC0A-A122-4CCC-AD62-E3B0FD1649CF}
	EndGlobalSection
EndGlobal
